
Microsoft Visual Studio Solution File, Format Version 12.00
# Visual Studio 15
VisualStudioVersion = 15.0.26430.13
MinimumVisualStudioVersion = 10.0.40219.1
Project("{FAE04EC0-301F-11D3-BF4B-00C04F79EFBC}") = "WeatherApp.Android", "WeatherApp\WeatherApp.Android\WeatherApp.Android.csproj", "{7668C51A-0F2E-4423-B04E-AC7F05A25D2E}"
EndProject
Project("{FAE04EC0-301F-11D3-BF4B-00C04F79EFBC}") = "WeatherApp.iOS", "WeatherApp\WeatherApp.iOS\WeatherApp.iOS.csproj", "{CA0DE3FA-A576-4A1E-BB18-BBDD593EDFE7}"
EndProject
Project("{FAE04EC0-301F-11D3-BF4B-00C04F79EFBC}") = "WeatherApp.UWP", "WeatherApp\WeatherApp.UWP\WeatherApp.UWP.csproj", "{90C52B04-08F0-47C1-84FA-3F5A49FDBC04}"
EndProject
Project("{FAE04EC0-301F-11D3-BF4B-00C04F79EFBC}") = "WeatherApp", "WeatherApp\WeatherApp\WeatherApp.csproj", "{740C730C-FDFE-4992-88B5-942E739B0861}"
EndProject
Global
	GlobalSection(SolutionConfigurationPlatforms) = preSolution
		Debug|Any CPU = Debug|Any CPU
		Debug|ARM = Debug|ARM
		Debug|iPhone = Debug|iPhone
		Debug|iPhoneSimulator = Debug|iPhoneSimulator
		Debug|x64 = Debug|x64
		Debug|x86 = Debug|x86
		Release|Any CPU = Release|Any CPU
		Release|ARM = Release|ARM
		Release|iPhone = Release|iPhone
		Release|iPhoneSimulator = Release|iPhoneSimulator
		Release|x64 = Release|x64
		Release|x86 = Release|x86
	EndGlobalSection
	GlobalSection(ProjectConfigurationPlatforms) = postSolution
		{7668C51A-0F2E-4423-B04E-AC7F05A25D2E}.Debug|Any CPU.ActiveCfg = Debug|Any CPU
		{7668C51A-0F2E-4423-B04E-AC7F05A25D2E}.Debug|Any CPU.Build.0 = Debug|Any CPU
		{7668C51A-0F2E-4423-B04E-AC7F05A25D2E}.Debug|Any CPU.Deploy.0 = Debug|Any CPU
		{7668C51A-0F2E-4423-B04E-AC7F05A25D2E}.Debug|ARM.ActiveCfg = Debug|Any CPU
		{7668C51A-0F2E-4423-B04E-AC7F05A25D2E}.Debug|ARM.Build.0 = Debug|Any CPU
		{7668C51A-0F2E-4423-B04E-AC7F05A25D2E}.Debug|ARM.Deploy.0 = Debug|Any CPU
		{7668C51A-0F2E-4423-B04E-AC7F05A25D2E}.Debug|iPhone.ActiveCfg = Debug|Any CPU
		{7668C51A-0F2E-4423-B04E-AC7F05A25D2E}.Debug|iPhone.Build.0 = Debug|Any CPU
		{7668C51A-0F2E-4423-B04E-AC7F05A25D2E}.Debug|iPhone.Deploy.0 = Debug|Any CPU
		{7668C51A-0F2E-4423-B04E-AC7F05A25D2E}.Debug|iPhoneSimulator.ActiveCfg = Debug|Any CPU
		{7668C51A-0F2E-4423-B04E-AC7F05A25D2E}.Debug|iPhoneSimulator.Build.0 = Debug|Any CPU
		{7668C51A-0F2E-4423-B04E-AC7F05A25D2E}.Debug|iPhoneSimulator.Deploy.0 = Debug|Any CPU
		{7668C51A-0F2E-4423-B04E-AC7F05A25D2E}.Debug|x64.ActiveCfg = Debug|Any CPU
		{7668C51A-0F2E-4423-B04E-AC7F05A25D2E}.Debug|x64.Build.0 = Debug|Any CPU
		{7668C51A-0F2E-4423-B04E-AC7F05A25D2E}.Debug|x64.Deploy.0 = Debug|Any CPU
		{7668C51A-0F2E-4423-B04E-AC7F05A25D2E}.Debug|x86.ActiveCfg = Debug|Any CPU
		{7668C51A-0F2E-4423-B04E-AC7F05A25D2E}.Debug|x86.Build.0 = Debug|Any CPU
		{7668C51A-0F2E-4423-B04E-AC7F05A25D2E}.Debug|x86.Deploy.0 = Debug|Any CPU
		{7668C51A-0F2E-4423-B04E-AC7F05A25D2E}.Release|Any CPU.ActiveCfg = Release|Any CPU
		{7668C51A-0F2E-4423-B04E-AC7F05A25D2E}.Release|Any CPU.Build.0 = Release|Any CPU
		{7668C51A-0F2E-4423-B04E-AC7F05A25D2E}.Release|Any CPU.Deploy.0 = Release|Any CPU
		{7668C51A-0F2E-4423-B04E-AC7F05A25D2E}.Release|ARM.ActiveCfg = Release|Any CPU
		{7668C51A-0F2E-4423-B04E-AC7F05A25D2E}.Release|ARM.Build.0 = Release|Any CPU
		{7668C51A-0F2E-4423-B04E-AC7F05A25D2E}.Release|ARM.Deploy.0 = Release|Any CPU
		{7668C51A-0F2E-4423-B04E-AC7F05A25D2E}.Release|iPhone.ActiveCfg = Release|Any CPU
		{7668C51A-0F2E-4423-B04E-AC7F05A25D2E}.Release|iPhone.Build.0 = Release|Any CPU
		{7668C51A-0F2E-4423-B04E-AC7F05A25D2E}.Release|iPhone.Deploy.0 = Release|Any CPU
		{7668C51A-0F2E-4423-B04E-AC7F05A25D2E}.Release|iPhoneSimulator.ActiveCfg = Release|Any CPU
		{7668C51A-0F2E-4423-B04E-AC7F05A25D2E}.Release|iPhoneSimulator.Build.0 = Release|Any CPU
		{7668C51A-0F2E-4423-B04E-AC7F05A25D2E}.Release|iPhoneSimulator.Deploy.0 = Release|Any CPU
		{7668C51A-0F2E-4423-B04E-AC7F05A25D2E}.Release|x64.ActiveCfg = Release|Any CPU
		{7668C51A-0F2E-4423-B04E-AC7F05A25D2E}.Release|x64.Build.0 = Release|Any CPU
		{7668C51A-0F2E-4423-B04E-AC7F05A25D2E}.Release|x64.Deploy.0 = Release|Any CPU
		{7668C51A-0F2E-4423-B04E-AC7F05A25D2E}.Release|x86.ActiveCfg = Release|Any CPU
		{7668C51A-0F2E-4423-B04E-AC7F05A25D2E}.Release|x86.Build.0 = Release|Any CPU
		{7668C51A-0F2E-4423-B04E-AC7F05A25D2E}.Release|x86.Deploy.0 = Release|Any CPU
		{CA0DE3FA-A576-4A1E-BB18-BBDD593EDFE7}.Debug|Any CPU.ActiveCfg = Debug|iPhone
		{CA0DE3FA-A576-4A1E-BB18-BBDD593EDFE7}.Debug|ARM.ActiveCfg = Debug|iPhone
		{CA0DE3FA-A576-4A1E-BB18-BBDD593EDFE7}.Debug|iPhone.ActiveCfg = Debug|iPhone
		{CA0DE3FA-A576-4A1E-BB18-BBDD593EDFE7}.Debug|iPhone.Build.0 = Debug|iPhone
		{CA0DE3FA-A576-4A1E-BB18-BBDD593EDFE7}.Debug|iPhoneSimulator.ActiveCfg = Debug|iPhoneSimulator
		{CA0DE3FA-A576-4A1E-BB18-BBDD593EDFE7}.Debug|iPhoneSimulator.Build.0 = Debug|iPhoneSimulator
		{CA0DE3FA-A576-4A1E-BB18-BBDD593EDFE7}.Debug|x64.ActiveCfg = Debug|iPhone
		{CA0DE3FA-A576-4A1E-BB18-BBDD593EDFE7}.Debug|x86.ActiveCfg = Debug|iPhone
		{CA0DE3FA-A576-4A1E-BB18-BBDD593EDFE7}.Release|Any CPU.ActiveCfg = Release|iPhone
		{CA0DE3FA-A576-4A1E-BB18-BBDD593EDFE7}.Release|ARM.ActiveCfg = Release|iPhone
		{CA0DE3FA-A576-4A1E-BB18-BBDD593EDFE7}.Release|iPhone.ActiveCfg = Release|iPhone
		{CA0DE3FA-A576-4A1E-BB18-BBDD593EDFE7}.Release|iPhone.Build.0 = Release|iPhone
		{CA0DE3FA-A576-4A1E-BB18-BBDD593EDFE7}.Release|iPhoneSimulator.ActiveCfg = Release|iPhoneSimulator
		{CA0DE3FA-A576-4A1E-BB18-BBDD593EDFE7}.Release|iPhoneSimulator.Build.0 = Release|iPhoneSimulator
		{CA0DE3FA-A576-4A1E-BB18-BBDD593EDFE7}.Release|x64.ActiveCfg = Release|iPhone
		{CA0DE3FA-A576-4A1E-BB18-BBDD593EDFE7}.Release|x86.ActiveCfg = Release|iPhone
		{90C52B04-08F0-47C1-84FA-3F5A49FDBC04}.Debug|Any CPU.ActiveCfg = Debug|x86
		{90C52B04-08F0-47C1-84FA-3F5A49FDBC04}.Debug|ARM.ActiveCfg = Debug|ARM
		{90C52B04-08F0-47C1-84FA-3F5A49FDBC04}.Debug|ARM.Build.0 = Debug|ARM
		{90C52B04-08F0-47C1-84FA-3F5A49FDBC04}.Debug|ARM.Deploy.0 = Debug|ARM
		{90C52B04-08F0-47C1-84FA-3F5A49FDBC04}.Debug|iPhone.ActiveCfg = Debug|x86
		{90C52B04-08F0-47C1-84FA-3F5A49FDBC04}.Debug|iPhoneSimulator.ActiveCfg = Debug|x86
		{90C52B04-08F0-47C1-84FA-3F5A49FDBC04}.Debug|x64.ActiveCfg = Debug|x64
		{90C52B04-08F0-47C1-84FA-3F5A49FDBC04}.Debug|x64.Build.0 = Debug|x64
		{90C52B04-08F0-47C1-84FA-3F5A49FDBC04}.Debug|x64.Deploy.0 = Debug|x64
		{90C52B04-08F0-47C1-84FA-3F5A49FDBC04}.Debug|x86.ActiveCfg = Debug|x86
		{90C52B04-08F0-47C1-84FA-3F5A49FDBC04}.Debug|x86.Build.0 = Debug|x86
		{90C52B04-08F0-47C1-84FA-3F5A49FDBC04}.Debug|x86.Deploy.0 = Debug|x86
		{90C52B04-08F0-47C1-84FA-3F5A49FDBC04}.Release|Any CPU.ActiveCfg = Release|x86
		{90C52B04-08F0-47C1-84FA-3F5A49FDBC04}.Release|ARM.ActiveCfg = Release|ARM
		{90C52B04-08F0-47C1-84FA-3F5A49FDBC04}.Release|ARM.Build.0 = Release|ARM
		{90C52B04-08F0-47C1-84FA-3F5A49FDBC04}.Release|ARM.Deploy.0 = Release|ARM
		{90C52B04-08F0-47C1-84FA-3F5A49FDBC04}.Release|iPhone.ActiveCfg = Release|x86
		{90C52B04-08F0-47C1-84FA-3F5A49FDBC04}.Release|iPhoneSimulator.ActiveCfg = Release|x86
		{90C52B04-08F0-47C1-84FA-3F5A49FDBC04}.Release|x64.ActiveCfg = Release|x64
		{90C52B04-08F0-47C1-84FA-3F5A49FDBC04}.Release|x64.Build.0 = Release|x64
		{90C52B04-08F0-47C1-84FA-3F5A49FDBC04}.Release|x64.Deploy.0 = Release|x64
		{90C52B04-08F0-47C1-84FA-3F5A49FDBC04}.Release|x86.ActiveCfg = Release|x86
		{90C52B04-08F0-47C1-84FA-3F5A49FDBC04}.Release|x86.Build.0 = Release|x86
		{90C52B04-08F0-47C1-84FA-3F5A49FDBC04}.Release|x86.Deploy.0 = Release|x86
		{740C730C-FDFE-4992-88B5-942E739B0861}.Debug|Any CPU.ActiveCfg = Debug|Any CPU
		{740C730C-FDFE-4992-88B5-942E739B0861}.Debug|Any CPU.Build.0 = Debug|Any CPU
		{740C730C-FDFE-4992-88B5-942E739B0861}.Debug|ARM.ActiveCfg = Debug|Any CPU
		{740C730C-FDFE-4992-88B5-942E739B0861}.Debug|ARM.Build.0 = Debug|Any CPU
		{740C730C-FDFE-4992-88B5-942E739B0861}.Debug|iPhone.ActiveCfg = Debug|Any CPU
		{740C730C-FDFE-4992-88B5-942E739B0861}.Debug|iPhone.Build.0 = Debug|Any CPU
		{740C730C-FDFE-4992-88B5-942E739B0861}.Debug|iPhoneSimulator.ActiveCfg = Debug|Any CPU
		{740C730C-FDFE-4992-88B5-942E739B0861}.Debug|iPhoneSimulator.Build.0 = Debug|Any CPU
		{740C730C-FDFE-4992-88B5-942E739B0861}.Debug|x64.ActiveCfg = Debug|Any CPU
		{740C730C-FDFE-4992-88B5-942E739B0861}.Debug|x64.Build.0 = Debug|Any CPU
		{740C730C-FDFE-4992-88B5-942E739B0861}.Debug|x86.ActiveCfg = Debug|Any CPU
		{740C730C-FDFE-4992-88B5-942E739B0861}.Debug|x86.Build.0 = Debug|Any CPU
		{740C730C-FDFE-4992-88B5-942E739B0861}.Release|Any CPU.ActiveCfg = Release|Any CPU
		{740C730C-FDFE-4992-88B5-942E739B0861}.Release|Any CPU.Build.0 = Release|Any CPU
		{740C730C-FDFE-4992-88B5-942E739B0861}.Release|ARM.ActiveCfg = Release|Any CPU
		{740C730C-FDFE-4992-88B5-942E739B0861}.Release|ARM.Build.0 = Release|Any CPU
		{740C730C-FDFE-4992-88B5-942E739B0861}.Release|iPhone.ActiveCfg = Release|Any CPU
		{740C730C-FDFE-4992-88B5-942E739B0861}.Release|iPhone.Build.0 = Release|Any CPU
		{740C730C-FDFE-4992-88B5-942E739B0861}.Release|iPhoneSimulator.ActiveCfg = Release|Any CPU
		{740C730C-FDFE-4992-88B5-942E739B0861}.Release|iPhoneSimulator.Build.0 = Release|Any CPU
		{740C730C-FDFE-4992-88B5-942E739B0861}.Release|x64.ActiveCfg = Release|Any CPU
		{740C730C-FDFE-4992-88B5-942E739B0861}.Release|x64.Build.0 = Release|Any CPU
		{740C730C-FDFE-4992-88B5-942E739B0861}.Release|x86.ActiveCfg = Release|Any CPU
		{740C730C-FDFE-4992-88B5-942E739B0861}.Release|x86.Build.0 = Release|Any CPU
	EndGlobalSection
	GlobalSection(SolutionProperties) = preSolution
		HideSolutionNode = FALSE
	EndGlobalSection
EndGlobal
